
Microsoft Visual Studio Solution File, Format Version 12.00
# Visual Studio Version 17
VisualStudioVersion = 17.3.32929.385
MinimumVisualStudioVersion = 10.0.40219.1
Project("{FAE04EC0-301F-11D3-BF4B-00C04F79EFBC}") = "DistribucionesArly's", "DistribucionesArly's\DistribucionesArly's.csproj", "{1D0B013C-D271-4257-8FF6-A01B10563DD3}"
EndProject
Global
	GlobalSection(SolutionConfigurationPlatforms) = preSolution
		Debug|Any CPU = Debug|Any CPU
		Release|Any CPU = Release|Any CPU
	EndGlobalSection
	GlobalSection(ProjectConfigurationPlatforms) = postSolution
		{1D0B013C-D271-4257-8FF6-A01B10563DD3}.Debug|Any CPU.ActiveCfg = Debug|Any CPU
		{1D0B013C-D271-4257-8FF6-A01B10563DD3}.Debug|Any CPU.Build.0 = Debug|Any CPU
		{1D0B013C-D271-4257-8FF6-A01B10563DD3}.Release|Any CPU.ActiveCfg = Release|Any CPU
		{1D0B013C-D271-4257-8FF6-A01B10563DD3}.Release|Any CPU.Build.0 = Release|Any CPU
	EndGlobalSection
	GlobalSection(SolutionProperties) = preSolution
		HideSolutionNode = FALSE
	EndGlobalSection
	GlobalSection(ExtensibilityGlobals) = postSolution
		SolutionGuid = {C695F728-9B26-47CF-AE45-2F2AC19FB23C}
	EndGlobalSection
EndGlobal
